
Microsoft Visual Studio Solution File, Format Version 12.00
# Visual Studio Version 16
VisualStudioVersion = 16.0.30011.22
MinimumVisualStudioVersion = 10.0.40219.1
Project("{FAE04EC0-301F-11D3-BF4B-00C04F79EFBC}") = "Productora.common", "Productora.common\Productora.common.csproj", "{98BB677E-6082-4AD4-8909-C688D7BD81AF}"
EndProject
Project("{FAE04EC0-301F-11D3-BF4B-00C04F79EFBC}") = "Productora.Web", "Productora.Web\Productora.Web.csproj", "{C3E20A90-BD93-4833-8B73-6034ADCDE99C}"
EndProject
Global
	GlobalSection(SolutionConfigurationPlatforms) = preSolution
		Debug|Any CPU = Debug|Any CPU
		Release|Any CPU = Release|Any CPU
	EndGlobalSection
	GlobalSection(ProjectConfigurationPlatforms) = postSolution
		{98BB677E-6082-4AD4-8909-C688D7BD81AF}.Debug|Any CPU.ActiveCfg = Debug|Any CPU
		{98BB677E-6082-4AD4-8909-C688D7BD81AF}.Debug|Any CPU.Build.0 = Debug|Any CPU
		{98BB677E-6082-4AD4-8909-C688D7BD81AF}.Release|Any CPU.ActiveCfg = Release|Any CPU
		{98BB677E-6082-4AD4-8909-C688D7BD81AF}.Release|Any CPU.Build.0 = Release|Any CPU
		{C3E20A90-BD93-4833-8B73-6034ADCDE99C}.Debug|Any CPU.ActiveCfg = Debug|Any CPU
		{C3E20A90-BD93-4833-8B73-6034ADCDE99C}.Debug|Any CPU.Build.0 = Debug|Any CPU
		{C3E20A90-BD93-4833-8B73-6034ADCDE99C}.Release|Any CPU.ActiveCfg = Release|Any CPU
		{C3E20A90-BD93-4833-8B73-6034ADCDE99C}.Release|Any CPU.Build.0 = Release|Any CPU
	EndGlobalSection
	GlobalSection(SolutionProperties) = preSolution
		HideSolutionNode = FALSE
	EndGlobalSection
	GlobalSection(ExtensibilityGlobals) = postSolution
		SolutionGuid = {5A036DDC-CEA3-4404-AB9B-664F078735E7}
	EndGlobalSection
EndGlobal
