
Microsoft Visual Studio Solution File, Format Version 12.00
# Visual Studio Version 16
VisualStudioVersion = 16.0.30011.22
MinimumVisualStudioVersion = 10.0.40219.1
Project("{FAE04EC0-301F-11D3-BF4B-00C04F79EFBC}") = "Productora.Web", "Productora.Web\Productora.Web.csproj", "{C3E20A90-BD93-4833-8B73-6034ADCDE99C}"
EndProject
Project("{FAE04EC0-301F-11D3-BF4B-00C04F79EFBC}") = "Productora.Common", "Productora.Common\Productora.Common.csproj", "{E94CB721-7ED7-48DB-91D2-CCEB8C7CEB30}"
EndProject
Global
	GlobalSection(SolutionConfigurationPlatforms) = preSolution
		Debug|Any CPU = Debug|Any CPU
		Release|Any CPU = Release|Any CPU
	EndGlobalSection
	GlobalSection(ProjectConfigurationPlatforms) = postSolution
		{C3E20A90-BD93-4833-8B73-6034ADCDE99C}.Debug|Any CPU.ActiveCfg = Debug|Any CPU
		{C3E20A90-BD93-4833-8B73-6034ADCDE99C}.Debug|Any CPU.Build.0 = Debug|Any CPU
		{C3E20A90-BD93-4833-8B73-6034ADCDE99C}.Release|Any CPU.ActiveCfg = Release|Any CPU
		{C3E20A90-BD93-4833-8B73-6034ADCDE99C}.Release|Any CPU.Build.0 = Release|Any CPU
		{E94CB721-7ED7-48DB-91D2-CCEB8C7CEB30}.Debug|Any CPU.ActiveCfg = Debug|Any CPU
		{E94CB721-7ED7-48DB-91D2-CCEB8C7CEB30}.Debug|Any CPU.Build.0 = Debug|Any CPU
		{E94CB721-7ED7-48DB-91D2-CCEB8C7CEB30}.Release|Any CPU.ActiveCfg = Release|Any CPU
		{E94CB721-7ED7-48DB-91D2-CCEB8C7CEB30}.Release|Any CPU.Build.0 = Release|Any CPU
	EndGlobalSection
	GlobalSection(SolutionProperties) = preSolution
		HideSolutionNode = FALSE
	EndGlobalSection
	GlobalSection(ExtensibilityGlobals) = postSolution
		SolutionGuid = {5A036DDC-CEA3-4404-AB9B-664F078735E7}
	EndGlobalSection
EndGlobal
